
Microsoft Visual Studio Solution File, Format Version 12.00
# Visual Studio 15
VisualStudioVersion = 15.0.28307.168
MinimumVisualStudioVersion = 10.0.40219.1
Project("{FAE04EC0-301F-11D3-BF4B-00C04F79EFBC}") = "REWBlog", "REWBlog\REWBlog.csproj", "{51BF525F-8B29-40D1-976E-3C0707BA8C98}"
EndProject
Project("{FAE04EC0-301F-11D3-BF4B-00C04F79EFBC}") = "REWBlogBLL", "REWBlogBLL\REWBlogBLL\REWBlogBLL.csproj", "{CFA1090E-7C84-4BAC-8022-260A26C022F7}"
EndProject
Project("{FAE04EC0-301F-11D3-BF4B-00C04F79EFBC}") = "REWBlogDAL", "REWBlogDAL\REWBlogDAL\REWBlogDAL.csproj", "{938EEEAD-2385-43D0-B826-60427C772BA1}"
EndProject
Project("{FAE04EC0-301F-11D3-BF4B-00C04F79EFBC}") = "REWBlogModel", "REWBlogMODEL\REWBlogModel\REWBlogModel.csproj", "{C3DEF207-24E5-4BE2-9133-7490D45069E1}"
EndProject
Global
	GlobalSection(SolutionConfigurationPlatforms) = preSolution
		Debug|Any CPU = Debug|Any CPU
		Release|Any CPU = Release|Any CPU
	EndGlobalSection
	GlobalSection(ProjectConfigurationPlatforms) = postSolution
		{51BF525F-8B29-40D1-976E-3C0707BA8C98}.Debug|Any CPU.ActiveCfg = Debug|Any CPU
		{51BF525F-8B29-40D1-976E-3C0707BA8C98}.Debug|Any CPU.Build.0 = Debug|Any CPU
		{51BF525F-8B29-40D1-976E-3C0707BA8C98}.Release|Any CPU.ActiveCfg = Release|Any CPU
		{51BF525F-8B29-40D1-976E-3C0707BA8C98}.Release|Any CPU.Build.0 = Release|Any CPU
		{CFA1090E-7C84-4BAC-8022-260A26C022F7}.Debug|Any CPU.ActiveCfg = Debug|Any CPU
		{CFA1090E-7C84-4BAC-8022-260A26C022F7}.Debug|Any CPU.Build.0 = Debug|Any CPU
		{CFA1090E-7C84-4BAC-8022-260A26C022F7}.Release|Any CPU.ActiveCfg = Release|Any CPU
		{CFA1090E-7C84-4BAC-8022-260A26C022F7}.Release|Any CPU.Build.0 = Release|Any CPU
		{938EEEAD-2385-43D0-B826-60427C772BA1}.Debug|Any CPU.ActiveCfg = Debug|Any CPU
		{938EEEAD-2385-43D0-B826-60427C772BA1}.Debug|Any CPU.Build.0 = Debug|Any CPU
		{938EEEAD-2385-43D0-B826-60427C772BA1}.Release|Any CPU.ActiveCfg = Release|Any CPU
		{938EEEAD-2385-43D0-B826-60427C772BA1}.Release|Any CPU.Build.0 = Release|Any CPU
		{C3DEF207-24E5-4BE2-9133-7490D45069E1}.Debug|Any CPU.ActiveCfg = Debug|Any CPU
		{C3DEF207-24E5-4BE2-9133-7490D45069E1}.Debug|Any CPU.Build.0 = Debug|Any CPU
		{C3DEF207-24E5-4BE2-9133-7490D45069E1}.Release|Any CPU.ActiveCfg = Release|Any CPU
		{C3DEF207-24E5-4BE2-9133-7490D45069E1}.Release|Any CPU.Build.0 = Release|Any CPU
	EndGlobalSection
	GlobalSection(SolutionProperties) = preSolution
		HideSolutionNode = FALSE
	EndGlobalSection
	GlobalSection(ExtensibilityGlobals) = postSolution
		SolutionGuid = {AD7DEB00-BD68-46EE-B9F1-5D0E5E3806DB}
	EndGlobalSection
EndGlobal
